
Microsoft Visual Studio Solution File, Format Version 12.00
# Visual Studio 15
VisualStudioVersion = 15.0.28307.779
MinimumVisualStudioVersion = 10.0.40219.1
Project("{9A19103F-16F7-4668-BE54-9A1E7A4F7556}") = "FizzBuzz", "FizzBuzz\FizzBuzz.csproj", "{31C21D17-6F2D-4883-BD1D-0DBB8CD50340}"
EndProject
Project("{FAE04EC0-301F-11D3-BF4B-00C04F79EFBC}") = "FizzBuzz.Tests", "FizzBuzz.Tests\FizzBuzz.Tests.csproj", "{73739F3B-0E9F-46C0-8A70-83324ED955B9}"
EndProject
Global
	GlobalSection(SolutionConfigurationPlatforms) = preSolution
		Debug|Any CPU = Debug|Any CPU
		Release|Any CPU = Release|Any CPU
	EndGlobalSection
	GlobalSection(ProjectConfigurationPlatforms) = postSolution
		{31C21D17-6F2D-4883-BD1D-0DBB8CD50340}.Debug|Any CPU.ActiveCfg = Debug|Any CPU
		{31C21D17-6F2D-4883-BD1D-0DBB8CD50340}.Debug|Any CPU.Build.0 = Debug|Any CPU
		{31C21D17-6F2D-4883-BD1D-0DBB8CD50340}.Release|Any CPU.ActiveCfg = Release|Any CPU
		{31C21D17-6F2D-4883-BD1D-0DBB8CD50340}.Release|Any CPU.Build.0 = Release|Any CPU
		{73739F3B-0E9F-46C0-8A70-83324ED955B9}.Debug|Any CPU.ActiveCfg = Debug|Any CPU
		{73739F3B-0E9F-46C0-8A70-83324ED955B9}.Debug|Any CPU.Build.0 = Debug|Any CPU
		{73739F3B-0E9F-46C0-8A70-83324ED955B9}.Release|Any CPU.ActiveCfg = Release|Any CPU
		{73739F3B-0E9F-46C0-8A70-83324ED955B9}.Release|Any CPU.Build.0 = Release|Any CPU
	EndGlobalSection
	GlobalSection(SolutionProperties) = preSolution
		HideSolutionNode = FALSE
	EndGlobalSection
	GlobalSection(ExtensibilityGlobals) = postSolution
		SolutionGuid = {A6A6754A-8C34-4399-B958-5622FCF9BFCE}
	EndGlobalSection
EndGlobal
